
Microsoft Visual Studio Solution File, Format Version 10.00
# Visual Studio 2008
Project("{8BC9CEB8-8B4A-11D0-8D11-00A0C91BC942}") = "OsmPbf2sqlite", "OsmPbf2sqlite\OsmPbf2sqlite.vcproj", "{D5F3818B-74A1-4C62-896F-BE66018FCD8D}"
EndProject
Global
	GlobalSection(SolutionConfigurationPlatforms) = preSolution
		Debug|Win32 = Debug|Win32
		Release|Win32 = Release|Win32
	EndGlobalSection
	GlobalSection(ProjectConfigurationPlatforms) = postSolution
		{D5F3818B-74A1-4C62-896F-BE66018FCD8D}.Debug|Win32.ActiveCfg = Debug|Win32
		{D5F3818B-74A1-4C62-896F-BE66018FCD8D}.Debug|Win32.Build.0 = Debug|Win32
		{D5F3818B-74A1-4C62-896F-BE66018FCD8D}.Release|Win32.ActiveCfg = Release|Win32
		{D5F3818B-74A1-4C62-896F-BE66018FCD8D}.Release|Win32.Build.0 = Release|Win32
	EndGlobalSection
	GlobalSection(SolutionProperties) = preSolution
		HideSolutionNode = FALSE
	EndGlobalSection
EndGlobal
